
Microsoft Visual Studio Solution File, Format Version 12.00
# Visual Studio Version 16
VisualStudioVersion = 16.0.30204.135
MinimumVisualStudioVersion = 10.0.40219.1
Project("{FAE04EC0-301F-11D3-BF4B-00C04F79EFBC}") = "PHR_MVVM.Android", "PHR_MVVM\PHR_MVVM.Android\PHR_MVVM.Android.csproj", "{9B7DC8AB-3F3A-4814-BB22-0018BA480901}"
EndProject
Project("{FAE04EC0-301F-11D3-BF4B-00C04F79EFBC}") = "PHR_MVVM.iOS", "PHR_MVVM\PHR_MVVM.iOS\PHR_MVVM.iOS.csproj", "{39FB72C1-363A-4AB7-8F7F-549CC109C25D}"
EndProject
Project("{FAE04EC0-301F-11D3-BF4B-00C04F79EFBC}") = "PHR_MVVM", "PHR_MVVM\PHR_MVVM\PHR_MVVM.csproj", "{E375B506-0163-41E8-8882-AA8DABC13457}"
EndProject
Project("{9A19103F-16F7-4668-BE54-9A1E7A4F7556}") = "Infrastructure", "PHR_MVVM\Infrastructure\Infrastructure.csproj", "{05CF3F67-4169-4AFD-BC0B-365F6F5637C0}"
EndProject
Project("{FAE04EC0-301F-11D3-BF4B-00C04F79EFBC}") = "PHR_MVVM.Business", "PHR_MVVM.Business\PHR_MVVM.Business.csproj", "{39A12062-172B-485B-9C1E-F7E7709775AD}"
EndProject
Project("{9A19103F-16F7-4668-BE54-9A1E7A4F7556}") = "CustomActions", "CustomActions\CustomActions.csproj", "{3A0BAA8D-ADFE-4D66-8C2A-EB5DD04CA0A5}"
EndProject
Global
	GlobalSection(SolutionConfigurationPlatforms) = preSolution
		aws|Any CPU = aws|Any CPU
		aws|iPhone = aws|iPhone
		aws|iPhoneSimulator = aws|iPhoneSimulator
		Debug|Any CPU = Debug|Any CPU
		Debug|iPhone = Debug|iPhone
		Debug|iPhoneSimulator = Debug|iPhoneSimulator
		Live|Any CPU = Live|Any CPU
		Live|iPhone = Live|iPhone
		Live|iPhoneSimulator = Live|iPhoneSimulator
		Performance|Any CPU = Performance|Any CPU
		Performance|iPhone = Performance|iPhone
		Performance|iPhoneSimulator = Performance|iPhoneSimulator
		Release|Any CPU = Release|Any CPU
		Release|iPhone = Release|iPhone
		Release|iPhoneSimulator = Release|iPhoneSimulator
	EndGlobalSection
	GlobalSection(ProjectConfigurationPlatforms) = postSolution
		{9B7DC8AB-3F3A-4814-BB22-0018BA480901}.aws|Any CPU.ActiveCfg = Release|Any CPU
		{9B7DC8AB-3F3A-4814-BB22-0018BA480901}.aws|Any CPU.Build.0 = Release|Any CPU
		{9B7DC8AB-3F3A-4814-BB22-0018BA480901}.aws|Any CPU.Deploy.0 = Release|Any CPU
		{9B7DC8AB-3F3A-4814-BB22-0018BA480901}.aws|iPhone.ActiveCfg = Release|Any CPU
		{9B7DC8AB-3F3A-4814-BB22-0018BA480901}.aws|iPhone.Build.0 = Release|Any CPU
		{9B7DC8AB-3F3A-4814-BB22-0018BA480901}.aws|iPhone.Deploy.0 = Release|Any CPU
		{9B7DC8AB-3F3A-4814-BB22-0018BA480901}.aws|iPhoneSimulator.ActiveCfg = Release|Any CPU
		{9B7DC8AB-3F3A-4814-BB22-0018BA480901}.aws|iPhoneSimulator.Build.0 = Release|Any CPU
		{9B7DC8AB-3F3A-4814-BB22-0018BA480901}.aws|iPhoneSimulator.Deploy.0 = Release|Any CPU
		{9B7DC8AB-3F3A-4814-BB22-0018BA480901}.Debug|Any CPU.ActiveCfg = Debug|Any CPU
		{9B7DC8AB-3F3A-4814-BB22-0018BA480901}.Debug|Any CPU.Build.0 = Debug|Any CPU
		{9B7DC8AB-3F3A-4814-BB22-0018BA480901}.Debug|Any CPU.Deploy.0 = Debug|Any CPU
		{9B7DC8AB-3F3A-4814-BB22-0018BA480901}.Debug|iPhone.ActiveCfg = Debug|Any CPU
		{9B7DC8AB-3F3A-4814-BB22-0018BA480901}.Debug|iPhone.Build.0 = Debug|Any CPU
		{9B7DC8AB-3F3A-4814-BB22-0018BA480901}.Debug|iPhone.Deploy.0 = Debug|Any CPU
		{9B7DC8AB-3F3A-4814-BB22-0018BA480901}.Debug|iPhoneSimulator.ActiveCfg = Debug|Any CPU
		{9B7DC8AB-3F3A-4814-BB22-0018BA480901}.Debug|iPhoneSimulator.Build.0 = Debug|Any CPU
		{9B7DC8AB-3F3A-4814-BB22-0018BA480901}.Debug|iPhoneSimulator.Deploy.0 = Debug|Any CPU
		{9B7DC8AB-3F3A-4814-BB22-0018BA480901}.Live|Any CPU.ActiveCfg = Release|Any CPU
		{9B7DC8AB-3F3A-4814-BB22-0018BA480901}.Live|Any CPU.Build.0 = Release|Any CPU
		{9B7DC8AB-3F3A-4814-BB22-0018BA480901}.Live|Any CPU.Deploy.0 = Release|Any CPU
		{9B7DC8AB-3F3A-4814-BB22-0018BA480901}.Live|iPhone.ActiveCfg = Release|Any CPU
		{9B7DC8AB-3F3A-4814-BB22-0018BA480901}.Live|iPhone.Build.0 = Release|Any CPU
		{9B7DC8AB-3F3A-4814-BB22-0018BA480901}.Live|iPhone.Deploy.0 = Release|Any CPU
		{9B7DC8AB-3F3A-4814-BB22-0018BA480901}.Live|iPhoneSimulator.ActiveCfg = Release|Any CPU
		{9B7DC8AB-3F3A-4814-BB22-0018BA480901}.Live|iPhoneSimulator.Build.0 = Release|Any CPU
		{9B7DC8AB-3F3A-4814-BB22-0018BA480901}.Live|iPhoneSimulator.Deploy.0 = Release|Any CPU
		{9B7DC8AB-3F3A-4814-BB22-0018BA480901}.Performance|Any CPU.ActiveCfg = Release|Any CPU
		{9B7DC8AB-3F3A-4814-BB22-0018BA480901}.Performance|Any CPU.Build.0 = Release|Any CPU
		{9B7DC8AB-3F3A-4814-BB22-0018BA480901}.Performance|Any CPU.Deploy.0 = Release|Any CPU
		{9B7DC8AB-3F3A-4814-BB22-0018BA480901}.Performance|iPhone.ActiveCfg = Release|Any CPU
		{9B7DC8AB-3F3A-4814-BB22-0018BA480901}.Performance|iPhone.Build.0 = Release|Any CPU
		{9B7DC8AB-3F3A-4814-BB22-0018BA480901}.Performance|iPhone.Deploy.0 = Release|Any CPU
		{9B7DC8AB-3F3A-4814-BB22-0018BA480901}.Performance|iPhoneSimulator.ActiveCfg = Release|Any CPU
		{9B7DC8AB-3F3A-4814-BB22-0018BA480901}.Performance|iPhoneSimulator.Build.0 = Release|Any CPU
		{9B7DC8AB-3F3A-4814-BB22-0018BA480901}.Performance|iPhoneSimulator.Deploy.0 = Release|Any CPU
		{9B7DC8AB-3F3A-4814-BB22-0018BA480901}.Release|Any CPU.ActiveCfg = Release|Any CPU
		{9B7DC8AB-3F3A-4814-BB22-0018BA480901}.Release|Any CPU.Build.0 = Release|Any CPU
		{9B7DC8AB-3F3A-4814-BB22-0018BA480901}.Release|Any CPU.Deploy.0 = Release|Any CPU
		{9B7DC8AB-3F3A-4814-BB22-0018BA480901}.Release|iPhone.ActiveCfg = Release|Any CPU
		{9B7DC8AB-3F3A-4814-BB22-0018BA480901}.Release|iPhone.Build.0 = Release|Any CPU
		{9B7DC8AB-3F3A-4814-BB22-0018BA480901}.Release|iPhone.Deploy.0 = Release|Any CPU
		{9B7DC8AB-3F3A-4814-BB22-0018BA480901}.Release|iPhoneSimulator.ActiveCfg = Release|Any CPU
		{9B7DC8AB-3F3A-4814-BB22-0018BA480901}.Release|iPhoneSimulator.Build.0 = Release|Any CPU
		{9B7DC8AB-3F3A-4814-BB22-0018BA480901}.Release|iPhoneSimulator.Deploy.0 = Release|Any CPU
		{39FB72C1-363A-4AB7-8F7F-549CC109C25D}.aws|Any CPU.ActiveCfg = Release|iPhone
		{39FB72C1-363A-4AB7-8F7F-549CC109C25D}.aws|Any CPU.Build.0 = Release|iPhone
		{39FB72C1-363A-4AB7-8F7F-549CC109C25D}.aws|Any CPU.Deploy.0 = Release|iPhone
		{39FB72C1-363A-4AB7-8F7F-549CC109C25D}.aws|iPhone.ActiveCfg = Release|iPhone
		{39FB72C1-363A-4AB7-8F7F-549CC109C25D}.aws|iPhone.Build.0 = Release|iPhone
		{39FB72C1-363A-4AB7-8F7F-549CC109C25D}.aws|iPhone.Deploy.0 = Release|iPhone
		{39FB72C1-363A-4AB7-8F7F-549CC109C25D}.aws|iPhoneSimulator.ActiveCfg = Release|iPhoneSimulator
		{39FB72C1-363A-4AB7-8F7F-549CC109C25D}.aws|iPhoneSimulator.Build.0 = Release|iPhoneSimulator
		{39FB72C1-363A-4AB7-8F7F-549CC109C25D}.aws|iPhoneSimulator.Deploy.0 = Release|iPhoneSimulator
		{39FB72C1-363A-4AB7-8F7F-549CC109C25D}.Debug|Any CPU.ActiveCfg = Debug|iPhone
		{39FB72C1-363A-4AB7-8F7F-549CC109C25D}.Debug|Any CPU.Build.0 = Debug|iPhone
		{39FB72C1-363A-4AB7-8F7F-549CC109C25D}.Debug|Any CPU.Deploy.0 = Debug|iPhone
		{39FB72C1-363A-4AB7-8F7F-549CC109C25D}.Debug|iPhone.ActiveCfg = Debug|iPhone
		{39FB72C1-363A-4AB7-8F7F-549CC109C25D}.Debug|iPhone.Build.0 = Debug|iPhone
		{39FB72C1-363A-4AB7-8F7F-549CC109C25D}.Debug|iPhone.Deploy.0 = Debug|iPhone
		{39FB72C1-363A-4AB7-8F7F-549CC109C25D}.Debug|iPhoneSimulator.ActiveCfg = Debug|iPhoneSimulator
		{39FB72C1-363A-4AB7-8F7F-549CC109C25D}.Debug|iPhoneSimulator.Build.0 = Debug|iPhoneSimulator
		{39FB72C1-363A-4AB7-8F7F-549CC109C25D}.Debug|iPhoneSimulator.Deploy.0 = Debug|iPhoneSimulator
		{39FB72C1-363A-4AB7-8F7F-549CC109C25D}.Live|Any CPU.ActiveCfg = Release|iPhone
		{39FB72C1-363A-4AB7-8F7F-549CC109C25D}.Live|Any CPU.Build.0 = Release|iPhone
		{39FB72C1-363A-4AB7-8F7F-549CC109C25D}.Live|Any CPU.Deploy.0 = Release|iPhone
		{39FB72C1-363A-4AB7-8F7F-549CC109C25D}.Live|iPhone.ActiveCfg = Release|iPhone
		{39FB72C1-363A-4AB7-8F7F-549CC109C25D}.Live|iPhone.Build.0 = Release|iPhone
		{39FB72C1-363A-4AB7-8F7F-549CC109C25D}.Live|iPhone.Deploy.0 = Release|iPhone
		{39FB72C1-363A-4AB7-8F7F-549CC109C25D}.Live|iPhoneSimulator.ActiveCfg = Release|iPhoneSimulator
		{39FB72C1-363A-4AB7-8F7F-549CC109C25D}.Live|iPhoneSimulator.Build.0 = Release|iPhoneSimulator
		{39FB72C1-363A-4AB7-8F7F-549CC109C25D}.Live|iPhoneSimulator.Deploy.0 = Release|iPhoneSimulator
		{39FB72C1-363A-4AB7-8F7F-549CC109C25D}.Performance|Any CPU.ActiveCfg = Release|iPhone
		{39FB72C1-363A-4AB7-8F7F-549CC109C25D}.Performance|Any CPU.Build.0 = Release|iPhone
		{39FB72C1-363A-4AB7-8F7F-549CC109C25D}.Performance|Any CPU.Deploy.0 = Release|iPhone
		{39FB72C1-363A-4AB7-8F7F-549CC109C25D}.Performance|iPhone.ActiveCfg = Release|iPhone
		{39FB72C1-363A-4AB7-8F7F-549CC109C25D}.Performance|iPhone.Build.0 = Release|iPhone
		{39FB72C1-363A-4AB7-8F7F-549CC109C25D}.Performance|iPhone.Deploy.0 = Release|iPhone
		{39FB72C1-363A-4AB7-8F7F-549CC109C25D}.Performance|iPhoneSimulator.ActiveCfg = Release|iPhoneSimulator
		{39FB72C1-363A-4AB7-8F7F-549CC109C25D}.Performance|iPhoneSimulator.Build.0 = Release|iPhoneSimulator
		{39FB72C1-363A-4AB7-8F7F-549CC109C25D}.Performance|iPhoneSimulator.Deploy.0 = Release|iPhoneSimulator
		{39FB72C1-363A-4AB7-8F7F-549CC109C25D}.Release|Any CPU.ActiveCfg = Release|iPhone
		{39FB72C1-363A-4AB7-8F7F-549CC109C25D}.Release|Any CPU.Build.0 = Release|iPhone
		{39FB72C1-363A-4AB7-8F7F-549CC109C25D}.Release|Any CPU.Deploy.0 = Release|iPhone
		{39FB72C1-363A-4AB7-8F7F-549CC109C25D}.Release|iPhone.ActiveCfg = Release|iPhone
		{39FB72C1-363A-4AB7-8F7F-549CC109C25D}.Release|iPhone.Build.0 = Release|iPhone
		{39FB72C1-363A-4AB7-8F7F-549CC109C25D}.Release|iPhone.Deploy.0 = Release|iPhone
		{39FB72C1-363A-4AB7-8F7F-549CC109C25D}.Release|iPhoneSimulator.ActiveCfg = Release|iPhoneSimulator
		{39FB72C1-363A-4AB7-8F7F-549CC109C25D}.Release|iPhoneSimulator.Build.0 = Release|iPhoneSimulator
		{39FB72C1-363A-4AB7-8F7F-549CC109C25D}.Release|iPhoneSimulator.Deploy.0 = Release|iPhoneSimulator
		{E375B506-0163-41E8-8882-AA8DABC13457}.aws|Any CPU.ActiveCfg = Debug|Any CPU
		{E375B506-0163-41E8-8882-AA8DABC13457}.aws|Any CPU.Build.0 = Debug|Any CPU
		{E375B506-0163-41E8-8882-AA8DABC13457}.aws|iPhone.ActiveCfg = Debug|Any CPU
		{E375B506-0163-41E8-8882-AA8DABC13457}.aws|iPhone.Build.0 = Debug|Any CPU
		{E375B506-0163-41E8-8882-AA8DABC13457}.aws|iPhoneSimulator.ActiveCfg = Debug|Any CPU
		{E375B506-0163-41E8-8882-AA8DABC13457}.aws|iPhoneSimulator.Build.0 = Debug|Any CPU
		{E375B506-0163-41E8-8882-AA8DABC13457}.Debug|Any CPU.ActiveCfg = Debug|Any CPU
		{E375B506-0163-41E8-8882-AA8DABC13457}.Debug|Any CPU.Build.0 = Debug|Any CPU
		{E375B506-0163-41E8-8882-AA8DABC13457}.Debug|Any CPU.Deploy.0 = Debug|Any CPU
		{E375B506-0163-41E8-8882-AA8DABC13457}.Debug|iPhone.ActiveCfg = Debug|Any CPU
		{E375B506-0163-41E8-8882-AA8DABC13457}.Debug|iPhone.Build.0 = Debug|Any CPU
		{E375B506-0163-41E8-8882-AA8DABC13457}.Debug|iPhone.Deploy.0 = Debug|Any CPU
		{E375B506-0163-41E8-8882-AA8DABC13457}.Debug|iPhoneSimulator.ActiveCfg = Debug|Any CPU
		{E375B506-0163-41E8-8882-AA8DABC13457}.Debug|iPhoneSimulator.Build.0 = Debug|Any CPU
		{E375B506-0163-41E8-8882-AA8DABC13457}.Debug|iPhoneSimulator.Deploy.0 = Debug|Any CPU
		{E375B506-0163-41E8-8882-AA8DABC13457}.Live|Any CPU.ActiveCfg = Debug|Any CPU
		{E375B506-0163-41E8-8882-AA8DABC13457}.Live|Any CPU.Build.0 = Debug|Any CPU
		{E375B506-0163-41E8-8882-AA8DABC13457}.Live|iPhone.ActiveCfg = Debug|Any CPU
		{E375B506-0163-41E8-8882-AA8DABC13457}.Live|iPhone.Build.0 = Debug|Any CPU
		{E375B506-0163-41E8-8882-AA8DABC13457}.Live|iPhoneSimulator.ActiveCfg = Debug|Any CPU
		{E375B506-0163-41E8-8882-AA8DABC13457}.Live|iPhoneSimulator.Build.0 = Debug|Any CPU
		{E375B506-0163-41E8-8882-AA8DABC13457}.Performance|Any CPU.ActiveCfg = Debug|Any CPU
		{E375B506-0163-41E8-8882-AA8DABC13457}.Performance|Any CPU.Build.0 = Debug|Any CPU
		{E375B506-0163-41E8-8882-AA8DABC13457}.Performance|iPhone.ActiveCfg = Debug|Any CPU
		{E375B506-0163-41E8-8882-AA8DABC13457}.Performance|iPhone.Build.0 = Debug|Any CPU
		{E375B506-0163-41E8-8882-AA8DABC13457}.Performance|iPhoneSimulator.ActiveCfg = Debug|Any CPU
		{E375B506-0163-41E8-8882-AA8DABC13457}.Performance|iPhoneSimulator.Build.0 = Debug|Any CPU
		{E375B506-0163-41E8-8882-AA8DABC13457}.Release|Any CPU.ActiveCfg = Release|Any CPU
		{E375B506-0163-41E8-8882-AA8DABC13457}.Release|Any CPU.Build.0 = Release|Any CPU
		{E375B506-0163-41E8-8882-AA8DABC13457}.Release|Any CPU.Deploy.0 = Release|Any CPU
		{E375B506-0163-41E8-8882-AA8DABC13457}.Release|iPhone.ActiveCfg = Release|Any CPU
		{E375B506-0163-41E8-8882-AA8DABC13457}.Release|iPhone.Build.0 = Release|Any CPU
		{E375B506-0163-41E8-8882-AA8DABC13457}.Release|iPhone.Deploy.0 = Release|Any CPU
		{E375B506-0163-41E8-8882-AA8DABC13457}.Release|iPhoneSimulator.ActiveCfg = Release|Any CPU
		{E375B506-0163-41E8-8882-AA8DABC13457}.Release|iPhoneSimulator.Build.0 = Release|Any CPU
		{E375B506-0163-41E8-8882-AA8DABC13457}.Release|iPhoneSimulator.Deploy.0 = Release|Any CPU
		{05CF3F67-4169-4AFD-BC0B-365F6F5637C0}.aws|Any CPU.ActiveCfg = Debug|Any CPU
		{05CF3F67-4169-4AFD-BC0B-365F6F5637C0}.aws|Any CPU.Build.0 = Debug|Any CPU
		{05CF3F67-4169-4AFD-BC0B-365F6F5637C0}.aws|iPhone.ActiveCfg = Debug|Any CPU
		{05CF3F67-4169-4AFD-BC0B-365F6F5637C0}.aws|iPhone.Build.0 = Debug|Any CPU
		{05CF3F67-4169-4AFD-BC0B-365F6F5637C0}.aws|iPhoneSimulator.ActiveCfg = Debug|Any CPU
		{05CF3F67-4169-4AFD-BC0B-365F6F5637C0}.aws|iPhoneSimulator.Build.0 = Debug|Any CPU
		{05CF3F67-4169-4AFD-BC0B-365F6F5637C0}.Debug|Any CPU.ActiveCfg = Debug|Any CPU
		{05CF3F67-4169-4AFD-BC0B-365F6F5637C0}.Debug|Any CPU.Build.0 = Debug|Any CPU
		{05CF3F67-4169-4AFD-BC0B-365F6F5637C0}.Debug|iPhone.ActiveCfg = Debug|Any CPU
		{05CF3F67-4169-4AFD-BC0B-365F6F5637C0}.Debug|iPhone.Build.0 = Debug|Any CPU
		{05CF3F67-4169-4AFD-BC0B-365F6F5637C0}.Debug|iPhoneSimulator.ActiveCfg = Debug|Any CPU
		{05CF3F67-4169-4AFD-BC0B-365F6F5637C0}.Debug|iPhoneSimulator.Build.0 = Debug|Any CPU
		{05CF3F67-4169-4AFD-BC0B-365F6F5637C0}.Live|Any CPU.ActiveCfg = Debug|Any CPU
		{05CF3F67-4169-4AFD-BC0B-365F6F5637C0}.Live|Any CPU.Build.0 = Debug|Any CPU
		{05CF3F67-4169-4AFD-BC0B-365F6F5637C0}.Live|iPhone.ActiveCfg = Debug|Any CPU
		{05CF3F67-4169-4AFD-BC0B-365F6F5637C0}.Live|iPhone.Build.0 = Debug|Any CPU
		{05CF3F67-4169-4AFD-BC0B-365F6F5637C0}.Live|iPhoneSimulator.ActiveCfg = Debug|Any CPU
		{05CF3F67-4169-4AFD-BC0B-365F6F5637C0}.Live|iPhoneSimulator.Build.0 = Debug|Any CPU
		{05CF3F67-4169-4AFD-BC0B-365F6F5637C0}.Performance|Any CPU.ActiveCfg = Debug|Any CPU
		{05CF3F67-4169-4AFD-BC0B-365F6F5637C0}.Performance|Any CPU.Build.0 = Debug|Any CPU
		{05CF3F67-4169-4AFD-BC0B-365F6F5637C0}.Performance|iPhone.ActiveCfg = Debug|Any CPU
		{05CF3F67-4169-4AFD-BC0B-365F6F5637C0}.Performance|iPhone.Build.0 = Debug|Any CPU
		{05CF3F67-4169-4AFD-BC0B-365F6F5637C0}.Performance|iPhoneSimulator.ActiveCfg = Debug|Any CPU
		{05CF3F67-4169-4AFD-BC0B-365F6F5637C0}.Performance|iPhoneSimulator.Build.0 = Debug|Any CPU
		{05CF3F67-4169-4AFD-BC0B-365F6F5637C0}.Release|Any CPU.ActiveCfg = Release|Any CPU
		{05CF3F67-4169-4AFD-BC0B-365F6F5637C0}.Release|Any CPU.Build.0 = Release|Any CPU
		{05CF3F67-4169-4AFD-BC0B-365F6F5637C0}.Release|iPhone.ActiveCfg = Release|Any CPU
		{05CF3F67-4169-4AFD-BC0B-365F6F5637C0}.Release|iPhone.Build.0 = Release|Any CPU
		{05CF3F67-4169-4AFD-BC0B-365F6F5637C0}.Release|iPhoneSimulator.ActiveCfg = Release|Any CPU
		{05CF3F67-4169-4AFD-BC0B-365F6F5637C0}.Release|iPhoneSimulator.Build.0 = Release|Any CPU
		{39A12062-172B-485B-9C1E-F7E7709775AD}.aws|Any CPU.ActiveCfg = Debug|Any CPU
		{39A12062-172B-485B-9C1E-F7E7709775AD}.aws|Any CPU.Build.0 = Debug|Any CPU
		{39A12062-172B-485B-9C1E-F7E7709775AD}.aws|iPhone.ActiveCfg = Debug|Any CPU
		{39A12062-172B-485B-9C1E-F7E7709775AD}.aws|iPhone.Build.0 = Debug|Any CPU
		{39A12062-172B-485B-9C1E-F7E7709775AD}.aws|iPhoneSimulator.ActiveCfg = Debug|Any CPU
		{39A12062-172B-485B-9C1E-F7E7709775AD}.aws|iPhoneSimulator.Build.0 = Debug|Any CPU
		{39A12062-172B-485B-9C1E-F7E7709775AD}.Debug|Any CPU.ActiveCfg = Debug|Any CPU
		{39A12062-172B-485B-9C1E-F7E7709775AD}.Debug|Any CPU.Build.0 = Debug|Any CPU
		{39A12062-172B-485B-9C1E-F7E7709775AD}.Debug|iPhone.ActiveCfg = Debug|Any CPU
		{39A12062-172B-485B-9C1E-F7E7709775AD}.Debug|iPhone.Build.0 = Debug|Any CPU
		{39A12062-172B-485B-9C1E-F7E7709775AD}.Debug|iPhoneSimulator.ActiveCfg = Debug|Any CPU
		{39A12062-172B-485B-9C1E-F7E7709775AD}.Debug|iPhoneSimulator.Build.0 = Debug|Any CPU
		{39A12062-172B-485B-9C1E-F7E7709775AD}.Live|Any CPU.ActiveCfg = Debug|Any CPU
		{39A12062-172B-485B-9C1E-F7E7709775AD}.Live|Any CPU.Build.0 = Debug|Any CPU
		{39A12062-172B-485B-9C1E-F7E7709775AD}.Live|iPhone.ActiveCfg = Debug|Any CPU
		{39A12062-172B-485B-9C1E-F7E7709775AD}.Live|iPhone.Build.0 = Debug|Any CPU
		{39A12062-172B-485B-9C1E-F7E7709775AD}.Live|iPhoneSimulator.ActiveCfg = Debug|Any CPU
		{39A12062-172B-485B-9C1E-F7E7709775AD}.Live|iPhoneSimulator.Build.0 = Debug|Any CPU
		{39A12062-172B-485B-9C1E-F7E7709775AD}.Performance|Any CPU.ActiveCfg = Debug|Any CPU
		{39A12062-172B-485B-9C1E-F7E7709775AD}.Performance|Any CPU.Build.0 = Debug|Any CPU
		{39A12062-172B-485B-9C1E-F7E7709775AD}.Performance|iPhone.ActiveCfg = Debug|Any CPU
		{39A12062-172B-485B-9C1E-F7E7709775AD}.Performance|iPhone.Build.0 = Debug|Any CPU
		{39A12062-172B-485B-9C1E-F7E7709775AD}.Performance|iPhoneSimulator.ActiveCfg = Debug|Any CPU
		{39A12062-172B-485B-9C1E-F7E7709775AD}.Performance|iPhoneSimulator.Build.0 = Debug|Any CPU
		{39A12062-172B-485B-9C1E-F7E7709775AD}.Release|Any CPU.ActiveCfg = Release|Any CPU
		{39A12062-172B-485B-9C1E-F7E7709775AD}.Release|Any CPU.Build.0 = Release|Any CPU
		{39A12062-172B-485B-9C1E-F7E7709775AD}.Release|iPhone.ActiveCfg = Release|Any CPU
		{39A12062-172B-485B-9C1E-F7E7709775AD}.Release|iPhone.Build.0 = Release|Any CPU
		{39A12062-172B-485B-9C1E-F7E7709775AD}.Release|iPhoneSimulator.ActiveCfg = Release|Any CPU
		{39A12062-172B-485B-9C1E-F7E7709775AD}.Release|iPhoneSimulator.Build.0 = Release|Any CPU
		{3A0BAA8D-ADFE-4D66-8C2A-EB5DD04CA0A5}.aws|Any CPU.ActiveCfg = aws|Any CPU
		{3A0BAA8D-ADFE-4D66-8C2A-EB5DD04CA0A5}.aws|Any CPU.Build.0 = aws|Any CPU
		{3A0BAA8D-ADFE-4D66-8C2A-EB5DD04CA0A5}.aws|iPhone.ActiveCfg = aws|Any CPU
		{3A0BAA8D-ADFE-4D66-8C2A-EB5DD04CA0A5}.aws|iPhone.Build.0 = aws|Any CPU
		{3A0BAA8D-ADFE-4D66-8C2A-EB5DD04CA0A5}.aws|iPhoneSimulator.ActiveCfg = aws|Any CPU
		{3A0BAA8D-ADFE-4D66-8C2A-EB5DD04CA0A5}.aws|iPhoneSimulator.Build.0 = aws|Any CPU
		{3A0BAA8D-ADFE-4D66-8C2A-EB5DD04CA0A5}.Debug|Any CPU.ActiveCfg = Debug|Any CPU
		{3A0BAA8D-ADFE-4D66-8C2A-EB5DD04CA0A5}.Debug|Any CPU.Build.0 = Debug|Any CPU
		{3A0BAA8D-ADFE-4D66-8C2A-EB5DD04CA0A5}.Debug|iPhone.ActiveCfg = Debug|Any CPU
		{3A0BAA8D-ADFE-4D66-8C2A-EB5DD04CA0A5}.Debug|iPhone.Build.0 = Debug|Any CPU
		{3A0BAA8D-ADFE-4D66-8C2A-EB5DD04CA0A5}.Debug|iPhoneSimulator.ActiveCfg = Debug|Any CPU
		{3A0BAA8D-ADFE-4D66-8C2A-EB5DD04CA0A5}.Debug|iPhoneSimulator.Build.0 = Debug|Any CPU
		{3A0BAA8D-ADFE-4D66-8C2A-EB5DD04CA0A5}.Live|Any CPU.ActiveCfg = Live|Any CPU
		{3A0BAA8D-ADFE-4D66-8C2A-EB5DD04CA0A5}.Live|Any CPU.Build.0 = Live|Any CPU
		{3A0BAA8D-ADFE-4D66-8C2A-EB5DD04CA0A5}.Live|iPhone.ActiveCfg = Live|Any CPU
		{3A0BAA8D-ADFE-4D66-8C2A-EB5DD04CA0A5}.Live|iPhone.Build.0 = Live|Any CPU
		{3A0BAA8D-ADFE-4D66-8C2A-EB5DD04CA0A5}.Live|iPhoneSimulator.ActiveCfg = Live|Any CPU
		{3A0BAA8D-ADFE-4D66-8C2A-EB5DD04CA0A5}.Live|iPhoneSimulator.Build.0 = Live|Any CPU
		{3A0BAA8D-ADFE-4D66-8C2A-EB5DD04CA0A5}.Performance|Any CPU.ActiveCfg = Performance|Any CPU
		{3A0BAA8D-ADFE-4D66-8C2A-EB5DD04CA0A5}.Performance|Any CPU.Build.0 = Performance|Any CPU
		{3A0BAA8D-ADFE-4D66-8C2A-EB5DD04CA0A5}.Performance|iPhone.ActiveCfg = Performance|Any CPU
		{3A0BAA8D-ADFE-4D66-8C2A-EB5DD04CA0A5}.Performance|iPhone.Build.0 = Performance|Any CPU
		{3A0BAA8D-ADFE-4D66-8C2A-EB5DD04CA0A5}.Performance|iPhoneSimulator.ActiveCfg = Performance|Any CPU
		{3A0BAA8D-ADFE-4D66-8C2A-EB5DD04CA0A5}.Performance|iPhoneSimulator.Build.0 = Performance|Any CPU
		{3A0BAA8D-ADFE-4D66-8C2A-EB5DD04CA0A5}.Release|Any CPU.ActiveCfg = Release|Any CPU
		{3A0BAA8D-ADFE-4D66-8C2A-EB5DD04CA0A5}.Release|Any CPU.Build.0 = Release|Any CPU
		{3A0BAA8D-ADFE-4D66-8C2A-EB5DD04CA0A5}.Release|iPhone.ActiveCfg = Release|Any CPU
		{3A0BAA8D-ADFE-4D66-8C2A-EB5DD04CA0A5}.Release|iPhone.Build.0 = Release|Any CPU
		{3A0BAA8D-ADFE-4D66-8C2A-EB5DD04CA0A5}.Release|iPhoneSimulator.ActiveCfg = Release|Any CPU
		{3A0BAA8D-ADFE-4D66-8C2A-EB5DD04CA0A5}.Release|iPhoneSimulator.Build.0 = Release|Any CPU
	EndGlobalSection
	GlobalSection(SolutionProperties) = preSolution
		HideSolutionNode = FALSE
	EndGlobalSection
	GlobalSection(ExtensibilityGlobals) = postSolution
		SolutionGuid = {599481F0-0309-4179-A12F-A8E808F4B2E7}
	EndGlobalSection
EndGlobal
